
Microsoft Visual Studio Solution File, Format Version 12.00
# Visual Studio Version 17
VisualStudioVersion = 17.5.33414.496
MinimumVisualStudioVersion = 10.0.40219.1
Project("{FAE04EC0-301F-11D3-BF4B-00C04F79EFBC}") = "Social Publisher", "Social Publisher.csproj", "{950CE3CC-A93F-4204-9A9A-879D355FAEB6}"
EndProject
Global
	GlobalSection(SolutionConfigurationPlatforms) = preSolution
		Debug|Any CPU = Debug|Any CPU
		Release|Any CPU = Release|Any CPU
	EndGlobalSection
	GlobalSection(ProjectConfigurationPlatforms) = postSolution
		{950CE3CC-A93F-4204-9A9A-879D355FAEB6}.Debug|Any CPU.ActiveCfg = Debug|Any CPU
		{950CE3CC-A93F-4204-9A9A-879D355FAEB6}.Debug|Any CPU.Build.0 = Debug|Any CPU
		{950CE3CC-A93F-4204-9A9A-879D355FAEB6}.Release|Any CPU.ActiveCfg = Release|Any CPU
		{950CE3CC-A93F-4204-9A9A-879D355FAEB6}.Release|Any CPU.Build.0 = Release|Any CPU
	EndGlobalSection
	GlobalSection(SolutionProperties) = preSolution
		HideSolutionNode = FALSE
	EndGlobalSection
	GlobalSection(ExtensibilityGlobals) = postSolution
		SolutionGuid = {A7D4B5E9-D47B-4E07-9AFF-22AA7258AD1A}
	EndGlobalSection
EndGlobal
